lockfileVersion: '6.0'

settings:
  autoInstallPeers: true
  excludeLinksFromLockfile: false

dependencies:
  '@types/node':
    specifier: ^20.11.29
    version: 20.11.30
  min-heap-typed:
    specifier: ^1.52.0
    version: 1.52.0
  pnpm:
    specifier: ^8.15.5
    version: 8.15.5
  typescript:
    specifier: ^5.4.2
    version: 5.4.2

packages:

  /@types/node@20.11.30:
    resolution: {integrity: sha512-dHM6ZxwlmuZaRmUPfv1p+KrdD1Dci04FbdEm/9wEMouFqxYoFl5aMkt0VMAUtYRQDyYvD41WJLukhq/ha3YuTw==}
    dependencies:
      undici-types: 5.26.5
    dev: false

  /data-structure-typed@1.52.0:
    resolution: {integrity: sha512-jJhARI44PxwvSIHaTl0FyzrlmJodInT+RiVCSZ1l9WqzENQNrupnzCukmmp7OW1/TQE2d17mQvbdrno/ohFn9Q==}
    dev: false

  /min-heap-typed@1.52.0:
    resolution: {integrity: sha512-H8YcAoiZE97rn+r0J2RXPOx86P9trQ9scN5lJagovke3xG5d2hf1rQOfTk+c8uKbOhHR2j/vwsDa71TXMElSrw==}
    dependencies:
      data-structure-typed: 1.52.0
    dev: false

  /pnpm@8.15.5:
    resolution: {integrity: sha512-sFGjLH5pWDO4SSbTspuMylclS1ifBknYmcbp0O22cLkex+KkNFm65zdZu1zmGcMmbxFr+THOItHvF1mn5Fqpbw==}
    engines: {node: '>=16.14'}
    hasBin: true
    dev: false

  /typescript@5.4.2:
    resolution: {integrity: sha512-+2/g0Fds1ERlP6JsakQQDXjZdZMM+rqpamFZJEKh4kwTIn3iDkgKtby0CeNd5ATNZ4Ry1ax15TMx0W2V+miizQ==}
    engines: {node: '>=14.17'}
    hasBin: true
    dev: false

  /undici-types@5.26.5:
    resolution: {integrity: sha512-JlCMO+ehdEIKqlFxk6IfVoAUVmgz7cU7zD/h9XZ0qzeosSHmUJVOzSQvvYSYWXkFXC+IfLKSIffhv0sVZup6pA==}
    dev: false
